
Microsoft Visual Studio Solution File, Format Version 12.00
# Visual Studio 15
Project("{FAE04EC0-301F-11D3-BF4B-00C04F79EFBC}") = "Assembly-CSharp", "Assembly-CSharp.csproj", "{D56C63A5-62F2-2FAB-06F7-95086767D911}"
EndProject
Global
	GlobalSection(SolutionConfigurationPlatforms) = preSolution
		Debug|Any CPU = Debug|Any CPU
		Release|Any CPU = Release|Any CPU
	EndGlobalSection
	GlobalSection(ProjectConfigurationPlatforms) = postSolution
		{D56C63A5-62F2-2FAB-06F7-95086767D911}.Debug|Any CPU.ActiveCfg = Debug|Any CPU
		{D56C63A5-62F2-2FAB-06F7-95086767D911}.Debug|Any CPU.Build.0 = Debug|Any CPU
		{D56C63A5-62F2-2FAB-06F7-95086767D911}.Release|Any CPU.ActiveCfg = Release|Any CPU
		{D56C63A5-62F2-2FAB-06F7-95086767D911}.Release|Any CPU.Build.0 = Release|Any CPU
	EndGlobalSection
	GlobalSection(SolutionProperties) = preSolution
		HideSolutionNode = FALSE
	EndGlobalSection
EndGlobal
